
Microsoft Visual Studio Solution File, Format Version 12.00
# Visual Studio 15
VisualStudioVersion = 15.0.27004.2009
MinimumVisualStudioVersion = 10.0.40219.1
Project("{9A19103F-16F7-4668-BE54-9A1E7A4F7556}") = "PrequalificationTool", "PrequalificationTool\PrequalificationTool.csproj", "{DA3F571C-71CA-4440-893E-97AEDBA0C651}"
EndProject
Project("{FAE04EC0-301F-11D3-BF4B-00C04F79EFBC}") = "TestPrequalificationTool", "TestPrequalificationTool\TestPrequalificationTool.csproj", "{3B94321B-3527-4979-A0A4-617421778E49}"
EndProject
Global
	GlobalSection(SolutionConfigurationPlatforms) = preSolution
		Debug|Any CPU = Debug|Any CPU
		Release|Any CPU = Release|Any CPU
	EndGlobalSection
	GlobalSection(ProjectConfigurationPlatforms) = postSolution
		{DA3F571C-71CA-4440-893E-97AEDBA0C651}.Debug|Any CPU.ActiveCfg = Debug|Any CPU
		{DA3F571C-71CA-4440-893E-97AEDBA0C651}.Debug|Any CPU.Build.0 = Debug|Any CPU
		{DA3F571C-71CA-4440-893E-97AEDBA0C651}.Release|Any CPU.ActiveCfg = Release|Any CPU
		{DA3F571C-71CA-4440-893E-97AEDBA0C651}.Release|Any CPU.Build.0 = Release|Any CPU
		{3B94321B-3527-4979-A0A4-617421778E49}.Debug|Any CPU.ActiveCfg = Debug|Any CPU
		{3B94321B-3527-4979-A0A4-617421778E49}.Debug|Any CPU.Build.0 = Debug|Any CPU
		{3B94321B-3527-4979-A0A4-617421778E49}.Release|Any CPU.ActiveCfg = Release|Any CPU
		{3B94321B-3527-4979-A0A4-617421778E49}.Release|Any CPU.Build.0 = Release|Any CPU
	EndGlobalSection
	GlobalSection(SolutionProperties) = preSolution
		HideSolutionNode = FALSE
	EndGlobalSection
	GlobalSection(ExtensibilityGlobals) = postSolution
		SolutionGuid = {0030C97B-2D1C-4459-A804-888EEC734FEE}
	EndGlobalSection
EndGlobal
